// !$*UTF8*$!
{
	archiveVersion = 1;
	classes = {
	};
	objectVersion = 50;
	objects = {

/* Begin PBXBuildFile section */
		AC9F8DC22481417700A7CEF1 /* AppDelegate.swift in Sources */ = {isa = PBXBuildFile; fileRef = AC9F8DC12481417700A7CEF1 /* AppDelegate.swift */; };
		AC9F8DC42481417700A7CEF1 /* SceneDelegate.swift in Sources */ = {isa = PBXBuildFile; fileRef = AC9F8DC32481417700A7CEF1 /* SceneDelegate.swift */; };
		AC9F8DC62481417700A7CEF1 /* ContentView.swift in Sources */ = {isa = PBXBuildFile; fileRef = AC9F8DC52481417700A7CEF1 /* ContentView.swift */; };
		AC9F8DC82481417A00A7CEF1 /* Assets.xcassets in Resources */ = {isa = PBXBuildFile; fileRef = AC9F8DC72481417A00A7CEF1 /* Assets.xcassets */; };
		AC9F8DCB2481417A00A7CEF1 /* Preview Assets.xcassets in Resources */ = {isa = PBXBuildFile; fileRef = AC9F8DCA2481417A00A7CEF1 /* Preview Assets.xcassets */; };
		AC9F8DCE2481417A00A7CEF1 /* LaunchScreen.storyboard in Resources */ = {isa = PBXBuildFile; fileRef = AC9F8DCC2481417A00A7CEF1 /* LaunchScreen.storyboard */; };
		AC9F8DD72481476F00A7CEF1 /* Player.swift in Sources */ = {isa = PBXBuildFile; fileRef = AC9F8DD62481476F00A7CEF1 /* Player.swift */; };
		AC9F8DD92481499800A7CEF1 /* Card.swift in Sources */ = {isa = PBXBuildFile; fileRef = AC9F8DD82481499800A7CEF1 /* Card.swift */; };
		AC9F8DDB2481551B00A7CEF1 /* Home.swift in Sources */ = {isa = PBXBuildFile; fileRef = AC9F8DDA2481551B00A7CEF1 /* Home.swift */; };
		AC9F8DDD2481599700A7CEF1 /* Detail.swift in Sources */ = {isa = PBXBuildFile; fileRef = AC9F8DDC2481599700A7CEF1 /* Detail.swift */; };
		AC9F8DDF248162F900A7CEF1 /* Host.swift in Sources */ = {isa = PBXBuildFile; fileRef = AC9F8DDE248162F900A7CEF1 /* Host.swift */; };
/* End PBXBuildFile section */

/* Begin PBXFileReference section */
		AC9F8DBE2481417700A7CEF1 /* Game.app */ = {isa = PBXFileReference; explicitFileType = wrapper.application; includeInIndex = 0; path = Game.app; sourceTree = BUILT_PRODUCTS_DIR; };
		AC9F8DC12481417700A7CEF1 /* AppDelegate.swift */ = {isa = PBXFileReference; lastKnownFileType = sourcecode.swift; path = AppDelegate.swift; sourceTree = "<group>"; };
		AC9F8DC32481417700A7CEF1 /* SceneDelegate.swift */ = {isa = PBXFileReference; lastKnownFileType = sourcecode.swift; path = SceneDelegate.swift; sourceTree = "<group>"; };
		AC9F8DC52481417700A7CEF1 /* ContentView.swift */ = {isa = PBXFileReference; lastKnownFileType = sourcecode.swift; path = ContentView.swift; sourceTree = "<group>"; };
		AC9F8DC72481417A00A7CEF1 /* Assets.xcassets */ = {isa = PBXFileReference; lastKnownFileType = folder.assetcatalog; path = Assets.xcassets; sourceTree = "<group>"; };
		AC9F8DCA2481417A00A7CEF1 /* Preview Assets.xcassets */ = {isa = PBXFileReference; lastKnownFileType = folder.assetcatalog; path = "Preview Assets.xcassets"; sourceTree = "<group>"; };
		AC9F8DCD2481417A00A7CEF1 /* Base */ = {isa = PBXFileReference; lastKnownFileType = file.storyboard; name = Base; path = Base.lproj/LaunchScreen.storyboard; sourceTree = "<group>"; };
		AC9F8DCF2481417A00A7CEF1 /* Info.plist */ = {isa = PBXFileReference; lastKnownFileType = text.plist.xml; path = Info.plist; sourceTree = "<group>"; };
		AC9F8DD62481476F00A7CEF1 /* Player.swift */ = {isa = PBXFileReference; lastKnownFileType = sourcecode.swift; path = Player.swift; sourceTree = "<group>"; };
		AC9F8DD82481499800A7CEF1 /* Card.swift */ = {isa = PBXFileReference; lastKnownFileType = sourcecode.swift; path = Card.swift; sourceTree = "<group>"; };
		AC9F8DDA2481551B00A7CEF1 /* Home.swift */ = {isa = PBXFileReference; lastKnownFileType = sourcecode.swift; path = Home.swift; sourceTree = "<group>"; };
		AC9F8DDC2481599700A7CEF1 /* Detail.swift */ = {isa = PBXFileReference; lastKnownFileType = sourcecode.swift; path = Detail.swift; sourceTree = "<group>"; };
		AC9F8DDE248162F900A7CEF1 /* Host.swift */ = {isa = PBXFileReference; lastKnownFileType = sourcecode.swift; path = Host.swift; sourceTree = "<group>"; };
/* End PBXFileReference section */

/* Begin PBXFrameworksBuildPhase section */
		AC9F8DBB2481417700A7CEF1 /* Frameworks */ = {
			isa = PBXFrameworksBuildPhase;
			buildActionMask = 2147483647;
			files = (
			);
			runOnlyForDeploymentPostprocessing = 0;
		};
/* End PBXFrameworksBuildPhase section */

/* Begin PBXGroup section */
		AC9F8DB52481417700A7CEF1 = {
			isa = PBXGroup;
			children = (
				AC9F8DC02481417700A7CEF1 /* Game */,
				AC9F8DBF2481417700A7CEF1 /* Products */,
			);
			sourceTree = "<group>";
		};
		AC9F8DBF2481417700A7CEF1 /* Products */ = {
			isa = PBXGroup;
			children = (
				AC9F8DBE2481417700A7CEF1 /* Game.app */,
			);
			name = Products;
			sourceTree = "<group>";
		};
		AC9F8DC02481417700A7CEF1 /* Game */ = {
			isa = PBXGroup;
			children = (
				AC9F8DC12481417700A7CEF1 /* AppDelegate.swift */,
				AC9F8DC32481417700A7CEF1 /* SceneDelegate.swift */,
				AC9F8DDE248162F900A7CEF1 /* Host.swift */,
				AC9F8DC52481417700A7CEF1 /* ContentView.swift */,
				AC9F8DDA2481551B00A7CEF1 /* Home.swift */,
				AC9F8DD82481499800A7CEF1 /* Card.swift */,
				AC9F8DDC2481599700A7CEF1 /* Detail.swift */,
				AC9F8DD52481476200A7CEF1 /* Model */,
				AC9F8DC72481417A00A7CEF1 /* Assets.xcassets */,
				AC9F8DCC2481417A00A7CEF1 /* LaunchScreen.storyboard */,
				AC9F8DCF2481417A00A7CEF1 /* Info.plist */,
				AC9F8DC92481417A00A7CEF1 /* Preview Content */,
			);
			path = Game;
			sourceTree = "<group>";
		};
		AC9F8DC92481417A00A7CEF1 /* Preview Content */ = {
			isa = PBXGroup;
			children = (
				AC9F8DCA2481417A00A7CEF1 /* Preview Assets.xcassets */,
			);
			path = "Preview Content";
			sourceTree = "<group>";
		};
		AC9F8DD52481476200A7CEF1 /* Model */ = {
			isa = PBXGroup;
			children = (
				AC9F8DD62481476F00A7CEF1 /* Player.swift */,
			);
			path = Model;
			sourceTree = "<group>";
		};
/* End PBXGroup section */

/* Begin PBXNativeTarget section */
		AC9F8DBD2481417700A7CEF1 /* Game */ = {
			isa = PBXNativeTarget;
			buildConfigurationList = AC9F8DD22481417A00A7CEF1 /* Build configuration list for PBXNativeTarget "Game" */;
			buildPhases = (
				AC9F8DBA2481417700A7CEF1 /* Sources */,
				AC9F8DBB2481417700A7CEF1 /* Frameworks */,
				AC9F8DBC2481417700A7CEF1 /* Resources */,
			);
			buildRules = (
			);
			dependencies = (
			);
			name = Game;
			productName = Game;
			productReference = AC9F8DBE2481417700A7CEF1 /* Game.app */;
			productType = "com.apple.product-type.application";
		};
/* End PBXNativeTarget section */

/* Begin PBXProject section */
		AC9F8DB62481417700A7CEF1 /* Project object */ = {
			isa = PBXProject;
			attributes = {
				LastSwiftUpdateCheck = 1150;
				LastUpgradeCheck = 1150;
				ORGANIZATIONNAME = "Maxim Granchenko";
				TargetAttributes = {
					AC9F8DBD2481417700A7CEF1 = {
						CreatedOnToolsVersion = 11.5;
					};
				};
			};
			buildConfigurationList = AC9F8DB92481417700A7CEF1 /* Build configuration list for PBXProject "Game" */;
			compatibilityVersion = "Xcode 9.3";
			developmentRegion = en;
			hasScannedForEncodings = 0;
			knownRegions = (
				en,
				Base,
			);
			mainGroup = AC9F8DB52481417700A7CEF1;
			productRefGroup = AC9F8DBF2481417700A7CEF1 /* Products */;
			projectDirPath = "";
			projectRoot = "";
			targets = (
				AC9F8DBD2481417700A7CEF1 /* Game */,
			);
		};
/* End PBXProject section */

/* Begin PBXResourcesBuildPhase section */
		AC9F8DBC2481417700A7CEF1 /* Resources */ = {
			isa = PBXResourcesBuildPhase;
			buildActionMask = 2147483647;
			files = (
				AC9F8DCE2481417A00A7CEF1 /* LaunchScreen.storyboard in Resources */,
				AC9F8DCB2481417A00A7CEF1 /* Preview Assets.xcassets in Resources */,
				AC9F8DC82481417A00A7CEF1 /* Assets.xcassets in Resources */,
			);
			runOnlyForDeploymentPostprocessing = 0;
		};
/* End PBXResourcesBuildPhase section */

/* Begin PBXSourcesBuildPhase section */
		AC9F8DBA2481417700A7CEF1 /* Sources */ = {
			isa = PBXSourcesBuildPhase;
			buildActionMask = 2147483647;
			files = (
				AC9F8DD72481476F00A7CEF1 /* Player.swift in Sources */,
				AC9F8DDD2481599700A7CEF1 /* Detail.swift in Sources */,
				AC9F8DC22481417700A7CEF1 /* AppDelegate.swift in Sources */,
				AC9F8DDF248162F900A7CEF1 /* Host.swift in Sources */,
				AC9F8DD92481499800A7CEF1 /* Card.swift in Sources */,
				AC9F8DC42481417700A7CEF1 /* SceneDelegate.swift in Sources */,
				AC9F8DDB2481551B00A7CEF1 /* Home.swift in Sources */,
				AC9F8DC62481417700A7CEF1 /* ContentView.swift in Sources */,
			);
			runOnlyForDeploymentPostprocessing = 0;
		};
/* End PBXSourcesBuildPhase section */

/* Begin PBXVariantGroup section */
		AC9F8DCC2481417A00A7CEF1 /* LaunchScreen.storyboard */ = {
			isa = PBXVariantGroup;
			children = (
				AC9F8DCD2481417A00A7CEF1 /* Base */,
			);
			name = LaunchScreen.storyboard;
			sourceTree = "<group>";
		};
/* End PBXVariantGroup section */

/* Begin XCBuildConfiguration section */
		AC9F8DD02481417A00A7CEF1 /* Debug */ = {
			isa = XCBuildConfiguration;
			buildSettings = {
				ALWAYS_SEARCH_USER_PATHS = NO;
				CLANG_ANALYZER_NONNULL = YES;
				CLANG_ANALYZER_NUMBER_OBJECT_CONVERSION = YES_AGGRESSIVE;
				CLANG_CXX_LANGUAGE_STANDARD = "gnu++14";
				CLANG_CXX_LIBRARY = "libc++";
				CLANG_ENABLE_MODULES = YES;
				CLANG_ENABLE_OBJC_ARC = YES;
				CLANG_ENABLE_OBJC_WEAK = YES;
				CLANG_WARN_BLOCK_CAPTURE_AUTORELEASING = YES;
				CLANG_WARN_BOOL_CONVERSION = YES;
				CLANG_WARN_COMMA = YES;
				CLANG_WARN_CONSTANT_CONVERSION = YES;
				CLANG_WARN_DEPRECATED_OBJC_IMPLEMENTATIONS = YES;
				CLANG_WARN_DIRECT_OBJC_ISA_USAGE = YES_ERROR;
				CLANG_WARN_DOCUMENTATION_COMMENTS = YES;
				CLANG_WARN_EMPTY_BODY = YES;
				CLANG_WARN_ENUM_CONVERSION = YES;
				CLANG_WARN_INFINITE_RECURSION = YES;
				CLANG_WARN_INT_CONVERSION = YES;
				CLANG_WARN_NON_LITERAL_NULL_CONVERSION = YES;
				CLANG_WARN_OBJC_IMPLICIT_RETAIN_SELF = YES;
				CLANG_WARN_OBJC_LITERAL_CONVERSION = YES;
				CLANG_WARN_OBJC_ROOT_CLASS = YES_ERROR;
				CLANG_WARN_RANGE_LOOP_ANALYSIS = YES;
				CLANG_WARN_STRICT_PROTOTYPES = YES;
				CLANG_WARN_SUSPICIOUS_MOVE = YES;
				CLANG_WARN_UNGUARDED_AVAILABILITY = YES_AGGRESSIVE;
				CLANG_WARN_UNREACHABLE_CODE = YES;
				CLANG_WARN__DUPLICATE_METHOD_MATCH = YES;
				COPY_PHASE_STRIP = NO;
				DEBUG_INFORMATION_FORMAT = dwarf;
				ENABLE_STRICT_OBJC_MSGSEND = YES;
				ENABLE_TESTABILITY = YES;
				GCC_C_LANGUAGE_STANDARD = gnu11;
				GCC_DYNAMIC_NO_PIC = NO;
				GCC_NO_COMMON_BLOCKS = YES;
				GCC_OPTIMIZATION_LEVEL = 0;
				GCC_PREPROCESSOR_DEFINITIONS = (
					"DEBUG=1",
					"$(inherited)",
				);
				GCC_WARN_64_TO_32_BIT_CONVERSION = YES;
				GCC_WARN_ABOUT_RETURN_TYPE = YES_ERROR;
				GCC_WARN_UNDECLARED_SELECTOR = YES;
				GCC_WARN_UNINITIALIZED_AUTOS = YES_AGGRESSIVE;
				GCC_WARN_UNUSED_FUNCTION = YES;
				GCC_WARN_UNUSED_VARIABLE = YES;
				IPHONEOS_DEPLOYMENT_TARGET = 13.5;
				MTL_ENABLE_DEBUG_INFO = INCLUDE_SOURCE;
				MTL_FAST_MATH = YES;
				ONLY_ACTIVE_ARCH = YES;
				SDKROOT = iphoneos;
				SWIFT_ACTIVE_COMPILATION_CONDITIONS = DEBUG;
				SWIFT_OPTIMIZATION_LEVEL = "-Onone";
			};
			name = Debug;
		};
		AC9F8DD12481417A00A7CEF1 /* Release */ = {
			isa = XCBuildConfiguration;
			buildSettings = {
				ALWAYS_SEARCH_USER_PATHS = NO;
				CLANG_ANALYZER_NONNULL = YES;
				CLANG_ANALYZER_NUMBER_OBJECT_CONVERSION = YES_AGGRESSIVE;
				CLANG_CXX_LANGUAGE_STANDARD = "gnu++14";
				CLANG_CXX_LIBRARY = "libc++";
				CLANG_ENABLE_MODULES = YES;
				CLANG_ENABLE_OBJC_ARC = YES;
				CLANG_ENABLE_OBJC_WEAK = YES;
				CLANG_WARN_BLOCK_CAPTURE_AUTORELEASING = YES;
				CLANG_WARN_BOOL_CONVERSION = YES;
				CLANG_WARN_COMMA = YES;
				CLANG_WARN_CONSTANT_CONVERSION = YES;
				CLANG_WARN_DEPRECATED_OBJC_IMPLEMENTATIONS = YES;
				CLANG_WARN_DIRECT_OBJC_ISA_USAGE = YES_ERROR;
				CLANG_WARN_DOCUMENTATION_COMMENTS = YES;
				CLANG_WARN_EMPTY_BODY = YES;
				CLANG_WARN_ENUM_CONVERSION = YES;
				CLANG_WARN_INFINITE_RECURSION = YES;
				CLANG_WARN_INT_CONVERSION = YES;
				CLANG_WARN_NON_LITERAL_NULL_CONVERSION = YES;
				CLANG_WARN_OBJC_IMPLICIT_RETAIN_SELF = YES;
				CLANG_WARN_OBJC_LITERAL_CONVERSION = YES;
				CLANG_WARN_OBJC_ROOT_CLASS = YES_ERROR;
				CLANG_WARN_RANGE_LOOP_ANALYSIS = YES;
				CLANG_WARN_STRICT_PROTOTYPES = YES;
				CLANG_WARN_SUSPICIOUS_MOVE = YES;
				CLANG_WARN_UNGUARDED_AVAILABILITY = YES_AGGRESSIVE;
				CLANG_WARN_UNREACHABLE_CODE = YES;
				CLANG_WARN__DUPLICATE_METHOD_MATCH = YES;
				COPY_PHASE_STRIP = NO;
				DEBUG_INFORMATION_FORMAT = "dwarf-with-dsym";
				ENABLE_NS_ASSERTIONS = NO;
				ENABLE_STRICT_OBJC_MSGSEND = YES;
				GCC_C_LANGUAGE_STANDARD = gnu11;
				GCC_NO_COMMON_BLOCKS = YES;
				GCC_WARN_64_TO_32_BIT_CONVERSION = YES;
				GCC_WARN_ABOUT_RETURN_TYPE = YES_ERROR;
				GCC_WARN_UNDECLARED_SELECTOR = YES;
				GCC_WARN_UNINITIALIZED_AUTOS = YES_AGGRESSIVE;
				GCC_WARN_UNUSED_FUNCTION = YES;
				GCC_WARN_UNUSED_VARIABLE = YES;
				IPHONEOS_DEPLOYMENT_TARGET = 13.5;
				MTL_ENABLE_DEBUG_INFO = NO;
				MTL_FAST_MATH = YES;
				SDKROOT = iphoneos;
				SWIFT_COMPILATION_MODE = wholemodule;
				SWIFT_OPTIMIZATION_LEVEL = "-O";
				VALIDATE_PRODUCT = YES;
			};
			name = Release;
		};
		AC9F8DD32481417A00A7CEF1 /* Debug */ = {
			isa = XCBuildConfiguration;
			buildSettings = {
				ASSETCATALOG_COMPILER_APPICON_NAME = AppIcon;
				CODE_SIGN_STYLE = Automatic;
				DEVELOPMENT_ASSET_PATHS = "\"Game/Preview Content\"";
				DEVELOPMENT_TEAM = R4XB56HC9M;
				ENABLE_PREVIEWS = YES;
				INFOPLIST_FILE = Game/Info.plist;
				LD_RUNPATH_SEARCH_PATHS = (
					"$(inherited)",
					"@executable_path/Frameworks",
				);
				PRODUCT_BUNDLE_IDENTIFIER = iMaxiOS.Game;
				PRODUCT_NAME = "$(TARGET_NAME)";
				SWIFT_VERSION = 5.0;
				TARGETED_DEVICE_FAMILY = "1,2";
			};
			name = Debug;
		};
		AC9F8DD42481417A00A7CEF1 /* Release */ = {
			isa = XCBuildConfiguration;
			buildSettings = {
				ASSETCATALOG_COMPILER_APPICON_NAME = AppIcon;
				CODE_SIGN_STYLE = Automatic;
				DEVELOPMENT_ASSET_PATHS = "\"Game/Preview Content\"";
				DEVELOPMENT_TEAM = R4XB56HC9M;
				ENABLE_PREVIEWS = YES;
				INFOPLIST_FILE = Game/Info.plist;
				LD_RUNPATH_SEARCH_PATHS = (
					"$(inherited)",
					"@executable_path/Frameworks",
				);
				PRODUCT_BUNDLE_IDENTIFIER = iMaxiOS.Game;
				PRODUCT_NAME = "$(TARGET_NAME)";
				SWIFT_VERSION = 5.0;
				TARGETED_DEVICE_FAMILY = "1,2";
			};
			name = Release;
		};
/* End XCBuildConfiguration section */

/* Begin XCConfigurationList section */
		AC9F8DB92481417700A7CEF1 /* Build configuration list for PBXProject "Game" */ = {
			isa = XCConfigurationList;
			buildConfigurations = (
				AC9F8DD02481417A00A7CEF1 /* Debug */,
				AC9F8DD12481417A00A7CEF1 /* Release */,
			);
			defaultConfigurationIsVisible = 0;
			defaultConfigurationName = Release;
		};
		AC9F8DD22481417A00A7CEF1 /* Build configuration list for PBXNativeTarget "Game" */ = {
			isa = XCConfigurationList;
			buildConfigurations = (
				AC9F8DD32481417A00A7CEF1 /* Debug */,
				AC9F8DD42481417A00A7CEF1 /* Release */,
			);
			defaultConfigurationIsVisible = 0;
			defaultConfigurationName = Release;
		};
/* End XCConfigurationList section */
	};
	rootObject = AC9F8DB62481417700A7CEF1 /* Project object */;
}
